
Microsoft Visual Studio Solution File, Format Version 12.00
# Visual Studio Version 16
VisualStudioVersion = 16.0.30413.136
MinimumVisualStudioVersion = 10.0.40219.1
Project("{9A19103F-16F7-4668-BE54-9A1E7A4F7556}") = "MartyAdventure", "DamianoMorandi\MartyAdventure.csproj", "{BED5643B-4868-461D-8939-6642D4F38DA7}"
EndProject
Project("{9A19103F-16F7-4668-BE54-9A1E7A4F7556}") = "MartyAdventureTest", "MartyAdventureTest\MartyAdventureTest.csproj", "{84ED58BC-7A2D-484F-8DEF-BC630BCB0E74}"
EndProject
Project("{FAE04EC0-301F-11D3-BF4B-00C04F79EFBC}") = "LibGDX", "LibGDX\LibGDX.csproj", "{E123D7EE-99FD-41CC-B635-088D22020B97}"
EndProject
Project("{2150E333-8FDC-42A3-9474-1A3956D46DE8}") = "Solution Items", "Solution Items", "{07BCA8A9-3608-47B2-8DB4-8F70ECA72D0D}"
	ProjectSection(SolutionItems) = preProject
		README.md = README.md
	EndProjectSection
EndProject
Global
	GlobalSection(SolutionConfigurationPlatforms) = preSolution
		Debug|Any CPU = Debug|Any CPU
		Release|Any CPU = Release|Any CPU
	EndGlobalSection
	GlobalSection(ProjectConfigurationPlatforms) = postSolution
		{BED5643B-4868-461D-8939-6642D4F38DA7}.Debug|Any CPU.ActiveCfg = Debug|Any CPU
		{BED5643B-4868-461D-8939-6642D4F38DA7}.Debug|Any CPU.Build.0 = Debug|Any CPU
		{BED5643B-4868-461D-8939-6642D4F38DA7}.Release|Any CPU.ActiveCfg = Release|Any CPU
		{BED5643B-4868-461D-8939-6642D4F38DA7}.Release|Any CPU.Build.0 = Release|Any CPU
		{84ED58BC-7A2D-484F-8DEF-BC630BCB0E74}.Debug|Any CPU.ActiveCfg = Debug|Any CPU
		{84ED58BC-7A2D-484F-8DEF-BC630BCB0E74}.Debug|Any CPU.Build.0 = Debug|Any CPU
		{84ED58BC-7A2D-484F-8DEF-BC630BCB0E74}.Release|Any CPU.ActiveCfg = Release|Any CPU
		{84ED58BC-7A2D-484F-8DEF-BC630BCB0E74}.Release|Any CPU.Build.0 = Release|Any CPU
		{E123D7EE-99FD-41CC-B635-088D22020B97}.Debug|Any CPU.ActiveCfg = Debug|Any CPU
		{E123D7EE-99FD-41CC-B635-088D22020B97}.Debug|Any CPU.Build.0 = Debug|Any CPU
		{E123D7EE-99FD-41CC-B635-088D22020B97}.Release|Any CPU.ActiveCfg = Release|Any CPU
		{E123D7EE-99FD-41CC-B635-088D22020B97}.Release|Any CPU.Build.0 = Release|Any CPU
	EndGlobalSection
	GlobalSection(SolutionProperties) = preSolution
		HideSolutionNode = FALSE
	EndGlobalSection
	GlobalSection(ExtensibilityGlobals) = postSolution
		SolutionGuid = {2BBCE0F7-8CB3-4A87-891A-B555084369DA}
	EndGlobalSection
EndGlobal
